
Microsoft Visual Studio Solution File, Format Version 12.00
# Visual Studio Version 17
VisualStudioVersion = 17.9.34714.143
MinimumVisualStudioVersion = 10.0.40219.1
Project("{FAE04EC0-301F-11D3-BF4B-00C04F79EFBC}") = "HerculesSimulation", "HerculesSimulation\HerculesSimulation.csproj", "{F99D0A09-96BB-431A-B0A2-F851F261229B}"
EndProject
Global
	GlobalSection(SolutionConfigurationPlatforms) = preSolution
		Debug|Any CPU = Debug|Any CPU
		Release|Any CPU = Release|Any CPU
	EndGlobalSection
	GlobalSection(ProjectConfigurationPlatforms) = postSolution
		{F99D0A09-96BB-431A-B0A2-F851F261229B}.Debug|Any CPU.ActiveCfg = Debug|Any CPU
		{F99D0A09-96BB-431A-B0A2-F851F261229B}.Debug|Any CPU.Build.0 = Debug|Any CPU
		{F99D0A09-96BB-431A-B0A2-F851F261229B}.Release|Any CPU.ActiveCfg = Release|Any CPU
		{F99D0A09-96BB-431A-B0A2-F851F261229B}.Release|Any CPU.Build.0 = Release|Any CPU
	EndGlobalSection
	GlobalSection(SolutionProperties) = preSolution
		HideSolutionNode = FALSE
	EndGlobalSection
	GlobalSection(ExtensibilityGlobals) = postSolution
		SolutionGuid = {7E9BE1C2-6768-4D15-BEE8-4A03FC17BA14}
	EndGlobalSection
EndGlobal
